
Microsoft Visual Studio Solution File, Format Version 12.00
# Visual Studio Version 16
VisualStudioVersion = 16.0.30621.155
MinimumVisualStudioVersion = 10.0.40219.1
Project("{FAE04EC0-301F-11D3-BF4B-00C04F79EFBC}") = "SampleJenkinsProject", "SampleJenkinsProject\SampleJenkinsProject.csproj", "{EC7FDA5E-F0EF-4F3B-BC63-7829F9193767}"
EndProject
Global
	GlobalSection(SolutionConfigurationPlatforms) = preSolution
		Debug|Any CPU = Debug|Any CPU
		Release|Any CPU = Release|Any CPU
	EndGlobalSection
	GlobalSection(ProjectConfigurationPlatforms) = postSolution
		{EC7FDA5E-F0EF-4F3B-BC63-7829F9193767}.Debug|Any CPU.ActiveCfg = Debug|Any CPU
		{EC7FDA5E-F0EF-4F3B-BC63-7829F9193767}.Debug|Any CPU.Build.0 = Debug|Any CPU
		{EC7FDA5E-F0EF-4F3B-BC63-7829F9193767}.Release|Any CPU.ActiveCfg = Release|Any CPU
		{EC7FDA5E-F0EF-4F3B-BC63-7829F9193767}.Release|Any CPU.Build.0 = Release|Any CPU
	EndGlobalSection
	GlobalSection(SolutionProperties) = preSolution
		HideSolutionNode = FALSE
	EndGlobalSection
	GlobalSection(ExtensibilityGlobals) = postSolution
		SolutionGuid = {BAA563C4-FF00-43EF-AD63-42F4A22002AB}
	EndGlobalSection
EndGlobal
